
Microsoft Visual Studio Solution File, Format Version 12.00
# Visual Studio Version 17
VisualStudioVersion = 17.7.34202.233
MinimumVisualStudioVersion = 10.0.40219.1
Project("{9A19103F-16F7-4668-BE54-9A1E7A4F7556}") = "BomberMan", "BomberMan\BomberMan.csproj", "{8DC99CFE-1AEA-44C3-95CC-2A0B0D8AF334}"
EndProject
Project("{9A19103F-16F7-4668-BE54-9A1E7A4F7556}") = "Model", "Model\Model.csproj", "{B91C862F-D37B-4AA2-9B5C-4860C072A561}"
EndProject
Project("{FAE04EC0-301F-11D3-BF4B-00C04F79EFBC}") = "Test", "Test\Test.csproj", "{911A085B-BA21-4FAC-AEE4-3E40F79277FC}"
EndProject
Global
	GlobalSection(SolutionConfigurationPlatforms) = preSolution
		Debug|Any CPU = Debug|Any CPU
		Release|Any CPU = Release|Any CPU
	EndGlobalSection
	GlobalSection(ProjectConfigurationPlatforms) = postSolution
		{8DC99CFE-1AEA-44C3-95CC-2A0B0D8AF334}.Debug|Any CPU.ActiveCfg = Debug|Any CPU
		{8DC99CFE-1AEA-44C3-95CC-2A0B0D8AF334}.Debug|Any CPU.Build.0 = Debug|Any CPU
		{8DC99CFE-1AEA-44C3-95CC-2A0B0D8AF334}.Release|Any CPU.ActiveCfg = Release|Any CPU
		{8DC99CFE-1AEA-44C3-95CC-2A0B0D8AF334}.Release|Any CPU.Build.0 = Release|Any CPU
		{B91C862F-D37B-4AA2-9B5C-4860C072A561}.Debug|Any CPU.ActiveCfg = Debug|Any CPU
		{B91C862F-D37B-4AA2-9B5C-4860C072A561}.Debug|Any CPU.Build.0 = Debug|Any CPU
		{B91C862F-D37B-4AA2-9B5C-4860C072A561}.Release|Any CPU.ActiveCfg = Release|Any CPU
		{B91C862F-D37B-4AA2-9B5C-4860C072A561}.Release|Any CPU.Build.0 = Release|Any CPU
		{911A085B-BA21-4FAC-AEE4-3E40F79277FC}.Debug|Any CPU.ActiveCfg = Debug|Any CPU
		{911A085B-BA21-4FAC-AEE4-3E40F79277FC}.Debug|Any CPU.Build.0 = Debug|Any CPU
		{911A085B-BA21-4FAC-AEE4-3E40F79277FC}.Release|Any CPU.ActiveCfg = Release|Any CPU
		{911A085B-BA21-4FAC-AEE4-3E40F79277FC}.Release|Any CPU.Build.0 = Release|Any CPU
	EndGlobalSection
	GlobalSection(SolutionProperties) = preSolution
		HideSolutionNode = FALSE
	EndGlobalSection
	GlobalSection(ExtensibilityGlobals) = postSolution
		SolutionGuid = {846EA63F-A52A-417E-8743-876C240368DD}
	EndGlobalSection
EndGlobal
